
Microsoft Visual Studio Solution File, Format Version 12.00
# Visual Studio 15
VisualStudioVersion = 15.0.26124.0
MinimumVisualStudioVersion = 15.0.26124.0
Project("{FAE04EC0-301F-11D3-BF4B-00C04F79EFBC}") = "Tank", "Tank\Tank.csproj", "{1660E5AE-93E4-4912-B421-D6DFAE72B34A}"
EndProject
Project("{FAE04EC0-301F-11D3-BF4B-00C04F79EFBC}") = "Tests", "Tests\Tests.csproj", "{508B445D-EDD5-4C4E-98F5-AA558614C17E}"
EndProject
Global
	GlobalSection(SolutionConfigurationPlatforms) = preSolution
		Debug|Any CPU = Debug|Any CPU
		Debug|x64 = Debug|x64
		Debug|x86 = Debug|x86
		Release|Any CPU = Release|Any CPU
		Release|x64 = Release|x64
		Release|x86 = Release|x86
	EndGlobalSection
	GlobalSection(SolutionProperties) = preSolution
		HideSolutionNode = FALSE
	EndGlobalSection
	GlobalSection(ProjectConfigurationPlatforms) = postSolution
		{1660E5AE-93E4-4912-B421-D6DFAE72B34A}.Debug|Any CPU.ActiveCfg = Debug|Any CPU
		{1660E5AE-93E4-4912-B421-D6DFAE72B34A}.Debug|Any CPU.Build.0 = Debug|Any CPU
		{1660E5AE-93E4-4912-B421-D6DFAE72B34A}.Debug|x64.ActiveCfg = Debug|Any CPU
		{1660E5AE-93E4-4912-B421-D6DFAE72B34A}.Debug|x64.Build.0 = Debug|Any CPU
		{1660E5AE-93E4-4912-B421-D6DFAE72B34A}.Debug|x86.ActiveCfg = Debug|Any CPU
		{1660E5AE-93E4-4912-B421-D6DFAE72B34A}.Debug|x86.Build.0 = Debug|Any CPU
		{1660E5AE-93E4-4912-B421-D6DFAE72B34A}.Release|Any CPU.ActiveCfg = Release|Any CPU
		{1660E5AE-93E4-4912-B421-D6DFAE72B34A}.Release|Any CPU.Build.0 = Release|Any CPU
		{1660E5AE-93E4-4912-B421-D6DFAE72B34A}.Release|x64.ActiveCfg = Release|Any CPU
		{1660E5AE-93E4-4912-B421-D6DFAE72B34A}.Release|x64.Build.0 = Release|Any CPU
		{1660E5AE-93E4-4912-B421-D6DFAE72B34A}.Release|x86.ActiveCfg = Release|Any CPU
		{1660E5AE-93E4-4912-B421-D6DFAE72B34A}.Release|x86.Build.0 = Release|Any CPU
		{508B445D-EDD5-4C4E-98F5-AA558614C17E}.Debug|Any CPU.ActiveCfg = Debug|Any CPU
		{508B445D-EDD5-4C4E-98F5-AA558614C17E}.Debug|Any CPU.Build.0 = Debug|Any CPU
		{508B445D-EDD5-4C4E-98F5-AA558614C17E}.Debug|x64.ActiveCfg = Debug|Any CPU
		{508B445D-EDD5-4C4E-98F5-AA558614C17E}.Debug|x64.Build.0 = Debug|Any CPU
		{508B445D-EDD5-4C4E-98F5-AA558614C17E}.Debug|x86.ActiveCfg = Debug|Any CPU
		{508B445D-EDD5-4C4E-98F5-AA558614C17E}.Debug|x86.Build.0 = Debug|Any CPU
		{508B445D-EDD5-4C4E-98F5-AA558614C17E}.Release|Any CPU.ActiveCfg = Release|Any CPU
		{508B445D-EDD5-4C4E-98F5-AA558614C17E}.Release|Any CPU.Build.0 = Release|Any CPU
		{508B445D-EDD5-4C4E-98F5-AA558614C17E}.Release|x64.ActiveCfg = Release|Any CPU
		{508B445D-EDD5-4C4E-98F5-AA558614C17E}.Release|x64.Build.0 = Release|Any CPU
		{508B445D-EDD5-4C4E-98F5-AA558614C17E}.Release|x86.ActiveCfg = Release|Any CPU
		{508B445D-EDD5-4C4E-98F5-AA558614C17E}.Release|x86.Build.0 = Release|Any CPU
	EndGlobalSection
EndGlobal
